
Microsoft Visual Studio Solution File, Format Version 12.00
# Visual Studio Version 17
VisualStudioVersion = 17.7.34202.233
MinimumVisualStudioVersion = 10.0.40219.1
Project("{FAE04EC0-301F-11D3-BF4B-00C04F79EFBC}") = "MusicApp", "MusicApp.csproj", "{BEFA1963-9356-4BC5-82E0-61D9B93CECF7}"
EndProject
Global
	GlobalSection(SolutionConfigurationPlatforms) = preSolution
		Debug|Any CPU = Debug|Any CPU
		Release|Any CPU = Release|Any CPU
	EndGlobalSection
	GlobalSection(ProjectConfigurationPlatforms) = postSolution
		{BEFA1963-9356-4BC5-82E0-61D9B93CECF7}.Debug|Any CPU.ActiveCfg = Debug|Any CPU
		{BEFA1963-9356-4BC5-82E0-61D9B93CECF7}.Debug|Any CPU.Build.0 = Debug|Any CPU
		{BEFA1963-9356-4BC5-82E0-61D9B93CECF7}.Release|Any CPU.ActiveCfg = Release|Any CPU
		{BEFA1963-9356-4BC5-82E0-61D9B93CECF7}.Release|Any CPU.Build.0 = Release|Any CPU
	EndGlobalSection
	GlobalSection(SolutionProperties) = preSolution
		HideSolutionNode = FALSE
	EndGlobalSection
	GlobalSection(ExtensibilityGlobals) = postSolution
		SolutionGuid = {62EBE04E-5923-4648-8AD0-B20BBEEE6D6B}
	EndGlobalSection
EndGlobal
